
Microsoft Visual Studio Solution File, Format Version 12.00
# Visual Studio Version 17
VisualStudioVersion = 17.11.35312.102
MinimumVisualStudioVersion = 10.0.40219.1
Project("{FAE04EC0-301F-11D3-BF4B-00C04F79EFBC}") = "YoutubeBlog.Web", "YoutubeBlog.Web\YoutubeBlog.Web.csproj", "{3BB20774-21EA-48FA-A3BC-D7A39A782123}"
EndProject
Project("{FAE04EC0-301F-11D3-BF4B-00C04F79EFBC}") = "YoutubeBlog.Entity", "YoutubeBlog.Entity\YoutubeBlog.Entity.csproj", "{8BEE2720-04BE-4804-93F0-2408514D0D5A}"
EndProject
Project("{FAE04EC0-301F-11D3-BF4B-00C04F79EFBC}") = "YoutubeBlog.Data", "YoutubeBlog.Data\YoutubeBlog.Data.csproj", "{3417D873-76DA-4430-B96E-C29343FA6A0A}"
EndProject
Project("{FAE04EC0-301F-11D3-BF4B-00C04F79EFBC}") = "YoutubeBlog.Service", "YoutubeBlog.Service\YoutubeBlog.Service.csproj", "{CF20737A-2DF6-43A3-B60E-14CECD5E9F93}"
EndProject
Project("{FAE04EC0-301F-11D3-BF4B-00C04F79EFBC}") = "YoutubeBlog.Core", "YoutubeBlog.Core\YoutubeBlog.Core.csproj", "{F83D1F63-6796-4B5B-BCBC-D1707BB13D1B}"
EndProject
Global
	GlobalSection(SolutionConfigurationPlatforms) = preSolution
		Debug|Any CPU = Debug|Any CPU
		Release|Any CPU = Release|Any CPU
	EndGlobalSection
	GlobalSection(ProjectConfigurationPlatforms) = postSolution
		{3BB20774-21EA-48FA-A3BC-D7A39A782123}.Debug|Any CPU.ActiveCfg = Debug|Any CPU
		{3BB20774-21EA-48FA-A3BC-D7A39A782123}.Debug|Any CPU.Build.0 = Debug|Any CPU
		{3BB20774-21EA-48FA-A3BC-D7A39A782123}.Release|Any CPU.ActiveCfg = Release|Any CPU
		{3BB20774-21EA-48FA-A3BC-D7A39A782123}.Release|Any CPU.Build.0 = Release|Any CPU
		{8BEE2720-04BE-4804-93F0-2408514D0D5A}.Debug|Any CPU.ActiveCfg = Debug|Any CPU
		{8BEE2720-04BE-4804-93F0-2408514D0D5A}.Debug|Any CPU.Build.0 = Debug|Any CPU
		{8BEE2720-04BE-4804-93F0-2408514D0D5A}.Release|Any CPU.ActiveCfg = Release|Any CPU
		{8BEE2720-04BE-4804-93F0-2408514D0D5A}.Release|Any CPU.Build.0 = Release|Any CPU
		{3417D873-76DA-4430-B96E-C29343FA6A0A}.Debug|Any CPU.ActiveCfg = Debug|Any CPU
		{3417D873-76DA-4430-B96E-C29343FA6A0A}.Debug|Any CPU.Build.0 = Debug|Any CPU
		{3417D873-76DA-4430-B96E-C29343FA6A0A}.Release|Any CPU.ActiveCfg = Release|Any CPU
		{3417D873-76DA-4430-B96E-C29343FA6A0A}.Release|Any CPU.Build.0 = Release|Any CPU
		{CF20737A-2DF6-43A3-B60E-14CECD5E9F93}.Debug|Any CPU.ActiveCfg = Debug|Any CPU
		{CF20737A-2DF6-43A3-B60E-14CECD5E9F93}.Debug|Any CPU.Build.0 = Debug|Any CPU
		{CF20737A-2DF6-43A3-B60E-14CECD5E9F93}.Release|Any CPU.ActiveCfg = Release|Any CPU
		{CF20737A-2DF6-43A3-B60E-14CECD5E9F93}.Release|Any CPU.Build.0 = Release|Any CPU
		{F83D1F63-6796-4B5B-BCBC-D1707BB13D1B}.Debug|Any CPU.ActiveCfg = Debug|Any CPU
		{F83D1F63-6796-4B5B-BCBC-D1707BB13D1B}.Debug|Any CPU.Build.0 = Debug|Any CPU
		{F83D1F63-6796-4B5B-BCBC-D1707BB13D1B}.Release|Any CPU.ActiveCfg = Release|Any CPU
		{F83D1F63-6796-4B5B-BCBC-D1707BB13D1B}.Release|Any CPU.Build.0 = Release|Any CPU
	EndGlobalSection
	GlobalSection(SolutionProperties) = preSolution
		HideSolutionNode = FALSE
	EndGlobalSection
	GlobalSection(ExtensibilityGlobals) = postSolution
		SolutionGuid = {044276B4-B5BE-4F1A-85CF-F222FA444F57}
	EndGlobalSection
EndGlobal
